
Microsoft Visual Studio Solution File, Format Version 12.00
# Visual Studio Version 16
VisualStudioVersion = 16.0.30907.101
MinimumVisualStudioVersion = 10.0.40219.1
Project("{9A19103F-16F7-4668-BE54-9A1E7A4F7556}") = "TempleToursProject", "TempleToursProject.csproj", "{CFF54116-B01D-428B-99EF-AF1AD83A9541}"
EndProject
Global
	GlobalSection(SolutionConfigurationPlatforms) = preSolution
		Debug|Any CPU = Debug|Any CPU
		Release|Any CPU = Release|Any CPU
	EndGlobalSection
	GlobalSection(ProjectConfigurationPlatforms) = postSolution
		{CFF54116-B01D-428B-99EF-AF1AD83A9541}.Debug|Any CPU.ActiveCfg = Debug|Any CPU
		{CFF54116-B01D-428B-99EF-AF1AD83A9541}.Debug|Any CPU.Build.0 = Debug|Any CPU
		{CFF54116-B01D-428B-99EF-AF1AD83A9541}.Release|Any CPU.ActiveCfg = Release|Any CPU
		{CFF54116-B01D-428B-99EF-AF1AD83A9541}.Release|Any CPU.Build.0 = Release|Any CPU
	EndGlobalSection
	GlobalSection(SolutionProperties) = preSolution
		HideSolutionNode = FALSE
	EndGlobalSection
	GlobalSection(ExtensibilityGlobals) = postSolution
		SolutionGuid = {F35A3D60-A001-4AB7-9C13-BC68262D3BC9}
	EndGlobalSection
EndGlobal
